Microsoft Visual Studio Solution File, Format Version 12.00
# Visual Studio Version 17
VisualStudioVersion = 17.5.2.0
MinimumVisualStudioVersion = 10.0.40219.1
Project("{FAE04EC0-301F-11D3-BF4B-00C04F79EFBC}") = "CS_IP", "CS_IP\CS_IP.csproj", "{7BC591CE-BCC8-62C3-92D9-0B719850CB4F}"
EndProject
Global
	GlobalSection(SolutionConfigurationPlatforms) = preSolution
		Debug|Any CPU = Debug|Any CPU
		Release|Any CPU = Release|Any CPU
	EndGlobalSection
	GlobalSection(ProjectConfigurationPlatforms) = postSolution
		{7BC591CE-BCC8-62C3-92D9-0B719850CB4F}.Debug|Any CPU.ActiveCfg = Debug|Any CPU
		{7BC591CE-BCC8-62C3-92D9-0B719850CB4F}.Debug|Any CPU.Build.0 = Debug|Any CPU
		{7BC591CE-BCC8-62C3-92D9-0B719850CB4F}.Release|Any CPU.ActiveCfg = Release|Any CPU
		{7BC591CE-BCC8-62C3-92D9-0B719850CB4F}.Release|Any CPU.Build.0 = Release|Any CPU
	EndGlobalSection
	GlobalSection(SolutionProperties) = preSolution
		HideSolutionNode = FALSE
	EndGlobalSection
	GlobalSection(ExtensibilityGlobals) = postSolution
		SolutionGuid = {E5F7259C-78CF-4F54-8B72-43EB23B95175}
	EndGlobalSection
EndGlobal
